// !$*UTF8*$!
{
	archiveVersion = 1;
	classes = {
	};
	objectVersion = 46;
	objects = {

/* Begin PBXBuildFile section */
		F82D6A461450045C00FD228B /* Cocoa.framework in Frameworks */ = {isa = PBXBuildFile; fileRef = F8F0C941144910340031E777 /* Cocoa.framework */; };
		F82D6A4C1450045C00FD228B /* InfoPlist.strings in Resources */ = {isa = PBXBuildFile; fileRef = F82D6A4A1450045C00FD228B /* InfoPlist.strings */; };
		F82D6A4E1450045C00FD228B /* main.m in Sources */ = {isa = PBXBuildFile; fileRef = F82D6A4D1450045C00FD228B /* main.m */; };
		F82D6A521450045C00FD228B /* Credits.rtf in Resources */ = {isa = PBXBuildFile; fileRef = F82D6A501450045C00FD228B /* Credits.rtf */; };
		F82D6A551450045C00FD228B /* ALAppDelegate.m in Sources */ = {isa = PBXBuildFile; fileRef = F82D6A541450045C00FD228B /* ALAppDelegate.m */; };
		F82D6A581450045C00FD228B /* MainMenu.xib in Resources */ = {isa = PBXBuildFile; fileRef = F82D6A561450045C00FD228B /* MainMenu.xib */; };
		F82D6A5F1450053B00FD228B /* AnsiLove.framework in Frameworks */ = {isa = PBXBuildFile; fileRef = F8F0C93E144910340031E777 /* AnsiLove.framework */; };
		F82D6A611450054B00FD228B /* AnsiLove.framework in CopyFiles */ = {isa = PBXBuildFile; fileRef = F8F0C93E144910340031E777 /* AnsiLove.framework */; };
		F83CAA571A65B66B00B93707 /* libgd.3.dylib in Frameworks */ = {isa = PBXBuildFile; fileRef = F83CAA561A65B66B00B93707 /* libgd.3.dylib */; };
		F83CAA581A65B73100B93707 /* libgd.3.dylib in Copy Files */ = {isa = PBXBuildFile; fileRef = F83CAA561A65B66B00B93707 /* libgd.3.dylib */; };
		F84C8B4C1A7FC98900DAB192 /* libpng16.16.dylib in Frameworks */ = {isa = PBXBuildFile; fileRef = F84C8B4B1A7FC98900DAB192 /* libpng16.16.dylib */; };
		F84C8B4D1A7FC9F900DAB192 /* libpng16.16.dylib in Copy Files */ = {isa = PBXBuildFile; fileRef = F84C8B4B1A7FC98900DAB192 /* libpng16.16.dylib */; settings = {ATTRIBUTES = (CodeSignOnCopy, ); }; };
		F8E082BC144996C300E30142 /* ALAnsiGenerator.h in Headers */ = {isa = PBXBuildFile; fileRef = F8E082B9144996C300E30142 /* ALAnsiGenerator.h */; settings = {ATTRIBUTES = (Public, ); }; };
		F8E082BD144996C300E30142 /* ALAnsiGenerator.m in Sources */ = {isa = PBXBuildFile; fileRef = F8E082BA144996C300E30142 /* ALAnsiGenerator.m */; };
		F8E082BE144996C300E30142 /* AnsiLove.h in Headers */ = {isa = PBXBuildFile; fileRef = F8E082BB144996C300E30142 /* AnsiLove.h */; settings = {ATTRIBUTES = (Public, ); }; };
		F8EAE722147E4E6E005BA3A1 /* ALSauceMachine.h in Headers */ = {isa = PBXBuildFile; fileRef = F8EAE720147E4E6E005BA3A1 /* ALSauceMachine.h */; settings = {ATTRIBUTES = (Public, ); }; };
		F8EAE723147E4E6E005BA3A1 /* ALSauceMachine.m in Sources */ = {isa = PBXBuildFile; fileRef = F8EAE721147E4E6E005BA3A1 /* ALSauceMachine.m */; };
		F8F0C942144910340031E777 /* Cocoa.framework in Frameworks */ = {isa = PBXBuildFile; fileRef = F8F0C941144910340031E777 /* Cocoa.framework */; };
		F8F0C94C144910340031E777 /* InfoPlist.strings in Resources */ = {isa = PBXBuildFile; fileRef = F8F0C94A144910340031E777 /* InfoPlist.strings */; };
		F8F1395517AEEEA600B8553A /* ALAnsiLove.h in Headers */ = {isa = PBXBuildFile; fileRef = F8F1394717AEEEA600B8553A /* ALAnsiLove.h */; };
		F8F1395617AEEEA600B8553A /* ALAnsiLove.m in Sources */ = {isa = PBXBuildFile; fileRef = F8F1394817AEEEA600B8553A /* ALAnsiLove.m */; };
		F8F1395717AEEEA600B8553A /* ALBinFonts.h in Headers */ = {isa = PBXBuildFile; fileRef = F8F1394917AEEEA600B8553A /* ALBinFonts.h */; };
		F8F1395817AEEEA600B8553A /* ALBinFonts.m in Sources */ = {isa = PBXBuildFile; fileRef = F8F1394A17AEEEA600B8553A /* ALBinFonts.m */; };
		F8F1395917AEEEA600B8553A /* ALConfig.h in Headers */ = {isa = PBXBuildFile; fileRef = F8F1394B17AEEEA600B8553A /* ALConfig.h */; };
		F8F1395A17AEEEA600B8553A /* ALExplode.h in Headers */ = {isa = PBXBuildFile; fileRef = F8F1394C17AEEEA600B8553A /* ALExplode.h */; };
		F8F1395B17AEEEA600B8553A /* ALExplode.m in Sources */ = {isa = PBXBuildFile; fileRef = F8F1394D17AEEEA600B8553A /* ALExplode.m */; };
		F8F1395C17AEEEA600B8553A /* ALFileSize.h in Headers */ = {isa = PBXBuildFile; fileRef = F8F1394E17AEEEA600B8553A /* ALFileSize.h */; };
		F8F1395D17AEEEA600B8553A /* ALFileSize.m in Sources */ = {isa = PBXBuildFile; fileRef = F8F1394F17AEEEA600B8553A /* ALFileSize.m */; };
		F8F1396117AEEEA600B8553A /* ALSubStr.h in Headers */ = {isa = PBXBuildFile; fileRef = F8F1395317AEEEA600B8553A /* ALSubStr.h */; };
		F8F1396217AEEEA600B8553A /* ALSubStr.m in Sources */ = {isa = PBXBuildFile; fileRef = F8F1395417AEEEA600B8553A /* ALSubStr.m */; };
/* End PBXBuildFile section */

/* Begin PBXCopyFilesBuildPhase section */
		F82D6A601450054200FD228B /* CopyFiles */ = {
			isa = PBXCopyFilesBuildPhase;
			buildActionMask = 2147483647;
			dstPath = "";
			dstSubfolderSpec = 10;
			files = (
				F82D6A611450054B00FD228B /* AnsiLove.framework in CopyFiles */,
			);
			runOnlyForDeploymentPostprocessing = 0;
		};
		F8F1393117AEEBB800B8553A /* Copy Files */ = {
			isa = PBXCopyFilesBuildPhase;
			buildActionMask = 12;
			dstPath = ..;
			dstSubfolderSpec = 7;
			files = (
				F83CAA581A65B73100B93707 /* libgd.3.dylib in Copy Files */,
				F84C8B4D1A7FC9F900DAB192 /* libpng16.16.dylib in Copy Files */,
			);
			name = "Copy Files";
			runOnlyForDeploymentPostprocessing = 0;
		};
/* End PBXCopyFilesBuildPhase section */

/* Begin PBXFileReference section */
		F82D6A441450045C00FD228B /* AnsiLoveGUI.app */ = {isa = PBXFileReference; explicitFileType = wrapper.application; includeInIndex = 0; path = AnsiLoveGUI.app; sourceTree = BUILT_PRODUCTS_DIR; };
		F82D6A491450045C00FD228B /* AnsiLoveGUI-Info.plist */ = {isa = PBXFileReference; lastKnownFileType = text.plist.xml; path = "AnsiLoveGUI-Info.plist"; sourceTree = "<group>"; };
		F82D6A4B1450045C00FD228B /* en */ = {isa = PBXFileReference; lastKnownFileType = text.plist.strings; name = en; path = en.lproj/InfoPlist.strings; sourceTree = "<group>"; };
		F82D6A4D1450045C00FD228B /* main.m */ = {isa = PBXFileReference; lastKnownFileType = sourcecode.c.objc; path = main.m; sourceTree = "<group>"; };
		F82D6A4F1450045C00FD228B /* AnsiLoveGUI-Prefix.pch */ = {isa = PBXFileReference; lastKnownFileType = sourcecode.c.h; path = "AnsiLoveGUI-Prefix.pch"; sourceTree = "<group>"; };
		F82D6A511450045C00FD228B /* en */ = {isa = PBXFileReference; lastKnownFileType = text.rtf; name = en; path = en.lproj/Credits.rtf; sourceTree = "<group>"; };
		F82D6A531450045C00FD228B /* ALAppDelegate.h */ = {isa = PBXFileReference; lastKnownFileType = sourcecode.c.h; path = ALAppDelegate.h; sourceTree = "<group>"; };
		F82D6A541450045C00FD228B /* ALAppDelegate.m */ = {isa = PBXFileReference; lastKnownFileType = sourcecode.c.objc; path = ALAppDelegate.m; sourceTree = "<group>"; };
		F82D6A571450045C00FD228B /* en */ = {isa = PBXFileReference; lastKnownFileType = file.xib; name = en; path = en.lproj/MainMenu.xib; sourceTree = "<group>"; };
		F83CAA561A65B66B00B93707 /* libgd.3.dylib */ = {isa = PBXFileReference; lastKnownFileType = "compiled.mach-o.dylib"; name = libgd.3.dylib; path = AnsiLove/Library/libgd.3.dylib; sourceTree = "<group>"; };
		F84C8B4B1A7FC98900DAB192 /* libpng16.16.dylib */ = {isa = PBXFileReference; lastKnownFileType = "compiled.mach-o.dylib"; name = libpng16.16.dylib; path = AnsiLove/Library/libpng16.16.dylib; sourceTree = "<group>"; };
		F8E082B9144996C300E30142 /* ALAnsiGenerator.h */ = {isa = PBXFileReference; fileEncoding = 4; lastKnownFileType = sourcecode.c.h; path = ALAnsiGenerator.h; sourceTree = "<group>"; };
		F8E082BA144996C300E30142 /* ALAnsiGenerator.m */ = {isa = PBXFileReference; fileEncoding = 4; lastKnownFileType = sourcecode.c.objc; path = ALAnsiGenerator.m; sourceTree = "<group>"; };
		F8E082BB144996C300E30142 /* AnsiLove.h */ = {isa = PBXFileReference; fileEncoding = 4; lastKnownFileType = sourcecode.c.h; path = AnsiLove.h; sourceTree = "<group>"; };
		F8EAE720147E4E6E005BA3A1 /* ALSauceMachine.h */ = {isa = PBXFileReference; fileEncoding = 4; lastKnownFileType = sourcecode.c.h; path = ALSauceMachine.h; sourceTree = "<group>"; };
		F8EAE721147E4E6E005BA3A1 /* ALSauceMachine.m */ = {isa = PBXFileReference; fileEncoding = 4; lastKnownFileType = sourcecode.c.objc; path = ALSauceMachine.m; sourceTree = "<group>"; };
		F8F0C93E144910340031E777 /* AnsiLove.framework */ = {isa = PBXFileReference; explicitFileType = wrapper.framework; includeInIndex = 0; path = AnsiLove.framework; sourceTree = BUILT_PRODUCTS_DIR; };
		F8F0C941144910340031E777 /* Cocoa.framework */ = {isa = PBXFileReference; lastKnownFileType = wrapper.framework; name = Cocoa.framework; path = System/Library/Frameworks/Cocoa.framework; sourceTree = SDKROOT; };
		F8F0C944144910340031E777 /* AppKit.framework */ = {isa = PBXFileReference; lastKnownFileType = wrapper.framework; name = AppKit.framework; path = System/Library/Frameworks/AppKit.framework; sourceTree = SDKROOT; };
		F8F0C945144910340031E777 /* CoreData.framework */ = {isa = PBXFileReference; lastKnownFileType = wrapper.framework; name = CoreData.framework; path = System/Library/Frameworks/CoreData.framework; sourceTree = SDKROOT; };
		F8F0C946144910340031E777 /* Foundation.framework */ = {isa = PBXFileReference; lastKnownFileType = wrapper.framework; name = Foundation.framework; path = System/Library/Frameworks/Foundation.framework; sourceTree = SDKROOT; };
		F8F0C949144910340031E777 /* AnsiLove-Info.plist */ = {isa = PBXFileReference; lastKnownFileType = text.plist.xml; path = "AnsiLove-Info.plist"; sourceTree = "<group>"; };
		F8F0C94B144910340031E777 /* en */ = {isa = PBXFileReference; lastKnownFileType = text.plist.strings; name = en; path = en.lproj/InfoPlist.strings; sourceTree = "<group>"; };
		F8F0C94D144910340031E777 /* AnsiLove-Prefix.pch */ = {isa = PBXFileReference; lastKnownFileType = sourcecode.c.h; path = "AnsiLove-Prefix.pch"; sourceTree = "<group>"; };
		F8F1394717AEEEA600B8553A /* ALAnsiLove.h */ = {isa = PBXFileReference; fileEncoding = 4; lastKnownFileType = sourcecode.c.h; name = ALAnsiLove.h; path = AnsiLove/Classes/ALAnsiLove.h; sourceTree = "<group>"; };
		F8F1394817AEEEA600B8553A /* ALAnsiLove.m */ = {isa = PBXFileReference; fileEncoding = 4; lastKnownFileType = sourcecode.c.objc; name = ALAnsiLove.m; path = AnsiLove/Classes/ALAnsiLove.m; sourceTree = "<group>"; };
		F8F1394917AEEEA600B8553A /* ALBinFonts.h */ = {isa = PBXFileReference; fileEncoding = 4; lastKnownFileType = sourcecode.c.h; name = ALBinFonts.h; path = AnsiLove/Classes/ALBinFonts.h; sourceTree = "<group>"; };
		F8F1394A17AEEEA600B8553A /* ALBinFonts.m */ = {isa = PBXFileReference; fileEncoding = 4; lastKnownFileType = sourcecode.c.objc; name = ALBinFonts.m; path = AnsiLove/Classes/ALBinFonts.m; sourceTree = "<group>"; };
		F8F1394B17AEEEA600B8553A /* ALConfig.h */ = {isa = PBXFileReference; fileEncoding = 4; lastKnownFileType = sourcecode.c.h; name = ALConfig.h; path = AnsiLove/Classes/ALConfig.h; sourceTree = "<group>"; };
		F8F1394C17AEEEA600B8553A /* ALExplode.h */ = {isa = PBXFileReference; fileEncoding = 4; lastKnownFileType = sourcecode.c.h; name = ALExplode.h; path = AnsiLove/Classes/ALExplode.h; sourceTree = "<group>"; };
		F8F1394D17AEEEA600B8553A /* ALExplode.m */ = {isa = PBXFileReference; fileEncoding = 4; lastKnownFileType = sourcecode.c.objc; name = ALExplode.m; path = AnsiLove/Classes/ALExplode.m; sourceTree = "<group>"; };
		F8F1394E17AEEEA600B8553A /* ALFileSize.h */ = {isa = PBXFileReference; fileEncoding = 4; lastKnownFileType = sourcecode.c.h; name = ALFileSize.h; path = AnsiLove/Classes/ALFileSize.h; sourceTree = "<group>"; };
		F8F1394F17AEEEA600B8553A /* ALFileSize.m */ = {isa = PBXFileReference; fileEncoding = 4; lastKnownFileType = sourcecode.c.objc; name = ALFileSize.m; path = AnsiLove/Classes/ALFileSize.m; sourceTree = "<group>"; };
		F8F1395317AEEEA600B8553A /* ALSubStr.h */ = {isa = PBXFileReference; fileEncoding = 4; lastKnownFileType = sourcecode.c.h; name = ALSubStr.h; path = AnsiLove/Classes/ALSubStr.h; sourceTree = "<group>"; };
		F8F1395417AEEEA600B8553A /* ALSubStr.m */ = {isa = PBXFileReference; fileEncoding = 4; lastKnownFileType = sourcecode.c.objc; name = ALSubStr.m; path = AnsiLove/Classes/ALSubStr.m; sourceTree = "<group>"; };
/* End PBXFileReference section */

/* Begin PBXFrameworksBuildPhase section */
		F82D6A411450045C00FD228B /* Frameworks */ = {
			isa = PBXFrameworksBuildPhase;
			buildActionMask = 2147483647;
			files = (
				F82D6A461450045C00FD228B /* Cocoa.framework in Frameworks */,
				F82D6A5F1450053B00FD228B /* AnsiLove.framework in Frameworks */,
			);
			runOnlyForDeploymentPostprocessing = 0;
		};
		F8F0C93A144910340031E777 /* Frameworks */ = {
			isa = PBXFrameworksBuildPhase;
			buildActionMask = 2147483647;
			files = (
				F8F0C942144910340031E777 /* Cocoa.framework in Frameworks */,
				F83CAA571A65B66B00B93707 /* libgd.3.dylib in Frameworks */,
				F84C8B4C1A7FC98900DAB192 /* libpng16.16.dylib in Frameworks */,
			);
			runOnlyForDeploymentPostprocessing = 0;
		};
/* End PBXFrameworksBuildPhase section */

/* Begin PBXGroup section */
		F82D6A471450045C00FD228B /* AnsiLoveGUI (TestApp) */ = {
			isa = PBXGroup;
			children = (
				F82D6A531450045C00FD228B /* ALAppDelegate.h */,
				F82D6A541450045C00FD228B /* ALAppDelegate.m */,
				F82D6A561450045C00FD228B /* MainMenu.xib */,
				F82D6A481450045C00FD228B /* Supporting Files */,
			);
			name = "AnsiLoveGUI (TestApp)";
			path = AnsiLoveGUI;
			sourceTree = "<group>";
		};
		F82D6A481450045C00FD228B /* Supporting Files */ = {
			isa = PBXGroup;
			children = (
				F82D6A491450045C00FD228B /* AnsiLoveGUI-Info.plist */,
				F82D6A4A1450045C00FD228B /* InfoPlist.strings */,
				F82D6A501450045C00FD228B /* Credits.rtf */,
				F82D6A4D1450045C00FD228B /* main.m */,
				F82D6A4F1450045C00FD228B /* AnsiLoveGUI-Prefix.pch */,
			);
			name = "Supporting Files";
			sourceTree = "<group>";
		};
		F8E082B8144996C300E30142 /* Classes */ = {
			isa = PBXGroup;
			children = (
				F8E082B9144996C300E30142 /* ALAnsiGenerator.h */,
				F8E082BA144996C300E30142 /* ALAnsiGenerator.m */,
				F8EAE720147E4E6E005BA3A1 /* ALSauceMachine.h */,
				F8EAE721147E4E6E005BA3A1 /* ALSauceMachine.m */,
				F8E082BB144996C300E30142 /* AnsiLove.h */,
			);
			name = Classes;
			path = AnsiLove/Classes;
			sourceTree = "<group>";
		};
		F8F0C932144910340031E777 = {
			isa = PBXGroup;
			children = (
				F8E082B8144996C300E30142 /* Classes */,
				F8F1394617AEEE8700B8553A /* External */,
				F8F0C948144910340031E777 /* Supporting Files */,
				F82D6A471450045C00FD228B /* AnsiLoveGUI (TestApp) */,
				F8F0C940144910340031E777 /* Frameworks */,
				F8F0C93F144910340031E777 /* Products */,
			);
			sourceTree = "<group>";
		};
		F8F0C93F144910340031E777 /* Products */ = {
			isa = PBXGroup;
			children = (
				F8F0C93E144910340031E777 /* AnsiLove.framework */,
				F82D6A441450045C00FD228B /* AnsiLoveGUI.app */,
			);
			name = Products;
			sourceTree = "<group>";
		};
		F8F0C940144910340031E777 /* Frameworks */ = {
			isa = PBXGroup;
			children = (
				F8F0C941144910340031E777 /* Cocoa.framework */,
				F83CAA561A65B66B00B93707 /* libgd.3.dylib */,
				F84C8B4B1A7FC98900DAB192 /* libpng16.16.dylib */,
				F8F0C943144910340031E777 /* Other Frameworks */,
			);
			name = Frameworks;
			sourceTree = "<group>";
		};
		F8F0C943144910340031E777 /* Other Frameworks */ = {
			isa = PBXGroup;
			children = (
				F8F0C944144910340031E777 /* AppKit.framework */,
				F8F0C945144910340031E777 /* CoreData.framework */,
				F8F0C946144910340031E777 /* Foundation.framework */,
			);
			name = "Other Frameworks";
			sourceTree = "<group>";
		};
		F8F0C948144910340031E777 /* Supporting Files */ = {
			isa = PBXGroup;
			children = (
				F8F0C949144910340031E777 /* AnsiLove-Info.plist */,
				F8F0C94A144910340031E777 /* InfoPlist.strings */,
				F8F0C94D144910340031E777 /* AnsiLove-Prefix.pch */,
			);
			name = "Supporting Files";
			path = AnsiLove;
			sourceTree = "<group>";
		};
		F8F1394617AEEE8700B8553A /* External */ = {
			isa = PBXGroup;
			children = (
				F8F1394717AEEEA600B8553A /* ALAnsiLove.h */,
				F8F1394817AEEEA600B8553A /* ALAnsiLove.m */,
				F8F1394917AEEEA600B8553A /* ALBinFonts.h */,
				F8F1394A17AEEEA600B8553A /* ALBinFonts.m */,
				F8F1394C17AEEEA600B8553A /* ALExplode.h */,
				F8F1394D17AEEEA600B8553A /* ALExplode.m */,
				F8F1394E17AEEEA600B8553A /* ALFileSize.h */,
				F8F1394F17AEEEA600B8553A /* ALFileSize.m */,
				F8F1395317AEEEA600B8553A /* ALSubStr.h */,
				F8F1395417AEEEA600B8553A /* ALSubStr.m */,
				F8F1394B17AEEEA600B8553A /* ALConfig.h */,
			);
			name = External;
			sourceTree = "<group>";
		};
/* End PBXGroup section */

/* Begin PBXHeadersBuildPhase section */
		F8F0C93B144910340031E777 /* Headers */ = {
			isa = PBXHeadersBuildPhase;
			buildActionMask = 2147483647;
			files = (
				F8F1395717AEEEA600B8553A /* ALBinFonts.h in Headers */,
				F8F1395917AEEEA600B8553A /* ALConfig.h in Headers */,
				F8F1395C17AEEEA600B8553A /* ALFileSize.h in Headers */,
				F8F1395517AEEEA600B8553A /* ALAnsiLove.h in Headers */,
				F8E082BE144996C300E30142 /* AnsiLove.h in Headers */,
				F8F1395A17AEEEA600B8553A /* ALExplode.h in Headers */,
				F8E082BC144996C300E30142 /* ALAnsiGenerator.h in Headers */,
				F8F1396117AEEEA600B8553A /* ALSubStr.h in Headers */,
				F8EAE722147E4E6E005BA3A1 /* ALSauceMachine.h in Headers */,
			);
			runOnlyForDeploymentPostprocessing = 0;
		};
/* End PBXHeadersBuildPhase section */

/* Begin PBXNativeTarget section */
		F82D6A431450045C00FD228B /* AnsiLoveGUI */ = {
			isa = PBXNativeTarget;
			buildConfigurationList = F82D6A5B1450045C00FD228B /* Build configuration list for PBXNativeTarget "AnsiLoveGUI" */;
			buildPhases = (
				F82D6A401450045C00FD228B /* Sources */,
				F82D6A411450045C00FD228B /* Frameworks */,
				F82D6A421450045C00FD228B /* Resources */,
				F82D6A601450054200FD228B /* CopyFiles */,
			);
			buildRules = (
			);
			dependencies = (
			);
			name = AnsiLoveGUI;
			productName = AnsiLoveGUI;
			productReference = F82D6A441450045C00FD228B /* AnsiLoveGUI.app */;
			productType = "com.apple.product-type.application";
		};
		F8F0C93D144910340031E777 /* AnsiLove */ = {
			isa = PBXNativeTarget;
			buildConfigurationList = F8F0C953144910340031E777 /* Build configuration list for PBXNativeTarget "AnsiLove" */;
			buildPhases = (
				F8F0C939144910340031E777 /* Sources */,
				F8F0C93A144910340031E777 /* Frameworks */,
				F8F0C93B144910340031E777 /* Headers */,
				F8F0C93C144910340031E777 /* Resources */,
				F8F1393117AEEBB800B8553A /* Copy Files */,
			);
			buildRules = (
			);
			dependencies = (
			);
			name = AnsiLove;
			productName = AnsiLove;
			productReference = F8F0C93E144910340031E777 /* AnsiLove.framework */;
			productType = "com.apple.product-type.framework";
		};
/* End PBXNativeTarget section */

/* Begin PBXProject section */
		F8F0C934144910340031E777 /* Project object */ = {
			isa = PBXProject;
			attributes = {
				LastUpgradeCheck = 0640;
				TargetAttributes = {
					F82D6A431450045C00FD228B = {
						DevelopmentTeam = H2S6SCAYTT;
					};
				};
			};
			buildConfigurationList = F8F0C937144910340031E777 /* Build configuration list for PBXProject "AnsiLove" */;
			compatibilityVersion = "Xcode 3.2";
			developmentRegion = English;
			hasScannedForEncodings = 0;
			knownRegions = (
				en,
			);
			mainGroup = F8F0C932144910340031E777;
			productRefGroup = F8F0C93F144910340031E777 /* Products */;
			projectDirPath = "";
			projectRoot = "";
			targets = (
				F8F0C93D144910340031E777 /* AnsiLove */,
				F82D6A431450045C00FD228B /* AnsiLoveGUI */,
			);
		};
/* End PBXProject section */

/* Begin PBXResourcesBuildPhase section */
		F82D6A421450045C00FD228B /* Resources */ = {
			isa = PBXResourcesBuildPhase;
			buildActionMask = 2147483647;
			files = (
				F82D6A4C1450045C00FD228B /* InfoPlist.strings in Resources */,
				F82D6A521450045C00FD228B /* Credits.rtf in Resources */,
				F82D6A581450045C00FD228B /* MainMenu.xib in Resources */,
			);
			runOnlyForDeploymentPostprocessing = 0;
		};
		F8F0C93C144910340031E777 /* Resources */ = {
			isa = PBXResourcesBuildPhase;
			buildActionMask = 2147483647;
			files = (
				F8F0C94C144910340031E777 /* InfoPlist.strings in Resources */,
			);
			runOnlyForDeploymentPostprocessing = 0;
		};
/* End PBXResourcesBuildPhase section */

/* Begin PBXSourcesBuildPhase section */
		F82D6A401450045C00FD228B /* Sources */ = {
			isa = PBXSourcesBuildPhase;
			buildActionMask = 2147483647;
			files = (
				F82D6A4E1450045C00FD228B /* main.m in Sources */,
				F82D6A551450045C00FD228B /* ALAppDelegate.m in Sources */,
			);
			runOnlyForDeploymentPostprocessing = 0;
		};
		F8F0C939144910340031E777 /* Sources */ = {
			isa = PBXSourcesBuildPhase;
			buildActionMask = 2147483647;
			files = (
				F8E082BD144996C300E30142 /* ALAnsiGenerator.m in Sources */,
				F8F1395D17AEEEA600B8553A /* ALFileSize.m in Sources */,
				F8F1395617AEEEA600B8553A /* ALAnsiLove.m in Sources */,
				F8F1396217AEEEA600B8553A /* ALSubStr.m in Sources */,
				F8EAE723147E4E6E005BA3A1 /* ALSauceMachine.m in Sources */,
				F8F1395B17AEEEA600B8553A /* ALExplode.m in Sources */,
				F8F1395817AEEEA600B8553A /* ALBinFonts.m in Sources */,
			);
			runOnlyForDeploymentPostprocessing = 0;
		};
/* End PBXSourcesBuildPhase section */

/* Begin PBXVariantGroup section */
		F82D6A4A1450045C00FD228B /* InfoPlist.strings */ = {
			isa = PBXVariantGroup;
			children = (
				F82D6A4B1450045C00FD228B /* en */,
			);
			name = InfoPlist.strings;
			sourceTree = "<group>";
		};
		F82D6A501450045C00FD228B /* Credits.rtf */ = {
			isa = PBXVariantGroup;
			children = (
				F82D6A511450045C00FD228B /* en */,
			);
			name = Credits.rtf;
			sourceTree = "<group>";
		};
		F82D6A561450045C00FD228B /* MainMenu.xib */ = {
			isa = PBXVariantGroup;
			children = (
				F82D6A571450045C00FD228B /* en */,
			);
			name = MainMenu.xib;
			sourceTree = "<group>";
		};
		F8F0C94A144910340031E777 /* InfoPlist.strings */ = {
			isa = PBXVariantGroup;
			children = (
				F8F0C94B144910340031E777 /* en */,
			);
			name = InfoPlist.strings;
			sourceTree = "<group>";
		};
/* End PBXVariantGroup section */

/* Begin XCBuildConfiguration section */
		F82D6A591450045C00FD228B /* Debug */ = {
			isa = XCBuildConfiguration;
			buildSettings = {
				CODE_SIGN_ENTITLEMENTS = "";
				CODE_SIGN_IDENTITY = "";
				COMBINE_HIDPI_IMAGES = NO;
				GCC_PRECOMPILE_PREFIX_HEADER = YES;
				GCC_PREFIX_HEADER = "AnsiLoveGUI/AnsiLoveGUI-Prefix.pch";
				INFOPLIST_FILE = "AnsiLoveGUI/AnsiLoveGUI-Info.plist";
				MACOSX_DEPLOYMENT_TARGET = 10.9;
				PRODUCT_NAME = "$(TARGET_NAME)";
				PROVISIONING_PROFILE = "";
				WRAPPER_EXTENSION = app;
			};
			name = Debug;
		};
		F82D6A5A1450045C00FD228B /* Release */ = {
			isa = XCBuildConfiguration;
			buildSettings = {
				CODE_SIGN_ENTITLEMENTS = "";
				CODE_SIGN_IDENTITY = "";
				COMBINE_HIDPI_IMAGES = NO;
				GCC_PRECOMPILE_PREFIX_HEADER = YES;
				GCC_PREFIX_HEADER = "AnsiLoveGUI/AnsiLoveGUI-Prefix.pch";
				INFOPLIST_FILE = "AnsiLoveGUI/AnsiLoveGUI-Info.plist";
				MACOSX_DEPLOYMENT_TARGET = 10.9;
				PRODUCT_NAME = "$(TARGET_NAME)";
				PROVISIONING_PROFILE = "";
				WRAPPER_EXTENSION = app;
			};
			name = Release;
		};
		F8F0C951144910340031E777 /* Debug */ = {
			isa = XCBuildConfiguration;
			buildSettings = {
				ALWAYS_SEARCH_USER_PATHS = NO;
				CLANG_ENABLE_OBJC_ARC = YES;
				CLANG_WARN_BOOL_CONVERSION = YES;
				CLANG_WARN_CONSTANT_CONVERSION = YES;
				CLANG_WARN_EMPTY_BODY = YES;
				CLANG_WARN_ENUM_CONVERSION = YES;
				CLANG_WARN_INT_CONVERSION = YES;
				CLANG_WARN__DUPLICATE_METHOD_MATCH = YES;
				CODE_SIGN_IDENTITY = "";
				COPY_PHASE_STRIP = NO;
				GCC_C_LANGUAGE_STANDARD = gnu99;
				GCC_DYNAMIC_NO_PIC = NO;
				GCC_ENABLE_OBJC_EXCEPTIONS = YES;
				GCC_OPTIMIZATION_LEVEL = 0;
				GCC_PREPROCESSOR_DEFINITIONS = (
					"DEBUG=1",
					"$(inherited)",
				);
				GCC_SYMBOLS_PRIVATE_EXTERN = NO;
				GCC_VERSION = "";
				GCC_WARN_64_TO_32_BIT_CONVERSION = YES;
				GCC_WARN_ABOUT_MISSING_PROTOTYPES = YES;
				GCC_WARN_ABOUT_RETURN_TYPE = YES;
				GCC_WARN_UNDECLARED_SELECTOR = YES;
				GCC_WARN_UNINITIALIZED_AUTOS = YES;
				GCC_WARN_UNUSED_FUNCTION = YES;
				GCC_WARN_UNUSED_VARIABLE = YES;
				MACOSX_DEPLOYMENT_TARGET = 10.9;
				ONLY_ACTIVE_ARCH = YES;
				SDKROOT = macosx10.9;
			};
			name = Debug;
		};
		F8F0C952144910340031E777 /* Release */ = {
			isa = XCBuildConfiguration;
			buildSettings = {
				ALWAYS_SEARCH_USER_PATHS = NO;
				CLANG_ENABLE_OBJC_ARC = YES;
				CLANG_WARN_BOOL_CONVERSION = YES;
				CLANG_WARN_CONSTANT_CONVERSION = YES;
				CLANG_WARN_EMPTY_BODY = YES;
				CLANG_WARN_ENUM_CONVERSION = YES;
				CLANG_WARN_INT_CONVERSION = YES;
				CLANG_WARN__DUPLICATE_METHOD_MATCH = YES;
				CODE_SIGN_IDENTITY = "";
				COPY_PHASE_STRIP = YES;
				DEBUG_INFORMATION_FORMAT = "dwarf-with-dsym";
				GCC_C_LANGUAGE_STANDARD = gnu99;
				GCC_ENABLE_OBJC_EXCEPTIONS = YES;
				GCC_VERSION = "";
				GCC_WARN_64_TO_32_BIT_CONVERSION = YES;
				GCC_WARN_ABOUT_MISSING_PROTOTYPES = YES;
				GCC_WARN_ABOUT_RETURN_TYPE = YES;
				GCC_WARN_UNDECLARED_SELECTOR = YES;
				GCC_WARN_UNINITIALIZED_AUTOS = YES;
				GCC_WARN_UNUSED_FUNCTION = YES;
				GCC_WARN_UNUSED_VARIABLE = YES;
				MACOSX_DEPLOYMENT_TARGET = 10.9;
				SDKROOT = macosx10.9;
			};
			name = Release;
		};
		F8F0C954144910340031E777 /* Debug */ = {
			isa = XCBuildConfiguration;
			buildSettings = {
				COMBINE_HIDPI_IMAGES = NO;
				DYLIB_COMPATIBILITY_VERSION = 6;
				DYLIB_CURRENT_VERSION = 6;
				FRAMEWORK_VERSION = 6;
				GCC_PRECOMPILE_PREFIX_HEADER = YES;
				GCC_PREFIX_HEADER = "AnsiLove/AnsiLove-Prefix.pch";
				HEADER_SEARCH_PATHS = "$(SRCROOT)/AnsiLove/Include";
				INFOPLIST_FILE = "AnsiLove/AnsiLove-Info.plist";
				INSTALL_PATH = "@executable_path/../Frameworks";
				LIBRARY_SEARCH_PATHS = (
					"$(inherited)",
					"$(SRCROOT)/AnsiLove/Library",
				);
				OTHER_CODE_SIGN_FLAGS = "--deep";
				PRODUCT_NAME = "$(TARGET_NAME)";
				SDKROOT = macosx10.9;
				WRAPPER_EXTENSION = framework;
			};
			name = Debug;
		};
		F8F0C955144910340031E777 /* Release */ = {
			isa = XCBuildConfiguration;
			buildSettings = {
				COMBINE_HIDPI_IMAGES = NO;
				DYLIB_COMPATIBILITY_VERSION = 6;
				DYLIB_CURRENT_VERSION = 6;
				FRAMEWORK_VERSION = 6;
				GCC_PRECOMPILE_PREFIX_HEADER = YES;
				GCC_PREFIX_HEADER = "AnsiLove/AnsiLove-Prefix.pch";
				HEADER_SEARCH_PATHS = "$(SRCROOT)/AnsiLove/Include";
				INFOPLIST_FILE = "AnsiLove/AnsiLove-Info.plist";
				INSTALL_PATH = "@executable_path/../Frameworks";
				LIBRARY_SEARCH_PATHS = (
					"$(inherited)",
					"$(SRCROOT)/AnsiLove/Library",
				);
				OTHER_CODE_SIGN_FLAGS = "--deep";
				PRODUCT_NAME = "$(TARGET_NAME)";
				SDKROOT = macosx10.9;
				WRAPPER_EXTENSION = framework;
			};
			name = Release;
		};
/* End XCBuildConfiguration section */

/* Begin XCConfigurationList section */
		F82D6A5B1450045C00FD228B /* Build configuration list for PBXNativeTarget "AnsiLoveGUI" */ = {
			isa = XCConfigurationList;
			buildConfigurations = (
				F82D6A591450045C00FD228B /* Debug */,
				F82D6A5A1450045C00FD228B /* Release */,
			);
			defaultConfigurationIsVisible = 0;
			defaultConfigurationName = Release;
		};
		F8F0C937144910340031E777 /* Build configuration list for PBXProject "AnsiLove" */ = {
			isa = XCConfigurationList;
			buildConfigurations = (
				F8F0C951144910340031E777 /* Debug */,
				F8F0C952144910340031E777 /* Release */,
			);
			defaultConfigurationIsVisible = 0;
			defaultConfigurationName = Release;
		};
		F8F0C953144910340031E777 /* Build configuration list for PBXNativeTarget "AnsiLove" */ = {
			isa = XCConfigurationList;
			buildConfigurations = (
				F8F0C954144910340031E777 /* Debug */,
				F8F0C955144910340031E777 /* Release */,
			);
			defaultConfigurationIsVisible = 0;
			defaultConfigurationName = Release;
		};
/* End XCConfigurationList section */
	};
	rootObject = F8F0C934144910340031E777 /* Project object */;
}
