// !$*UTF8*$!
{
	archiveVersion = 1;
	classes = {
	};
	objectVersion = 46;
	objects = {

/* Begin PBXBuildFile section */
		F82D6A461450045C00FD228B /* Cocoa.framework in Frameworks */ = {isa = PBXBuildFile; fileRef = F8F0C941144910340031E777 /* Cocoa.framework */; };
		F82D6A4C1450045C00FD228B /* InfoPlist.strings in Resources */ = {isa = PBXBuildFile; fileRef = F82D6A4A1450045C00FD228B /* InfoPlist.strings */; };
		F82D6A4E1450045C00FD228B /* main.m in Sources */ = {isa = PBXBuildFile; fileRef = F82D6A4D1450045C00FD228B /* main.m */; };
		F82D6A521450045C00FD228B /* Credits.rtf in Resources */ = {isa = PBXBuildFile; fileRef = F82D6A501450045C00FD228B /* Credits.rtf */; };
		F82D6A551450045C00FD228B /* ALAppDelegate.m in Sources */ = {isa = PBXBuildFile; fileRef = F82D6A541450045C00FD228B /* ALAppDelegate.m */; };
		F82D6A581450045C00FD228B /* MainMenu.xib in Resources */ = {isa = PBXBuildFile; fileRef = F82D6A561450045C00FD228B /* MainMenu.xib */; };
		F82D6A5F1450053B00FD228B /* AnsiLove.framework in Frameworks */ = {isa = PBXBuildFile; fileRef = F8F0C93E144910340031E777 /* AnsiLove.framework */; };
		F82D6A611450054B00FD228B /* AnsiLove.framework in CopyFiles */ = {isa = PBXBuildFile; fileRef = F8F0C93E144910340031E777 /* AnsiLove.framework */; };
		F85CB756151A8A670034B6CD /* libgd.2.0.0.dylib in Resources */ = {isa = PBXBuildFile; fileRef = F85CB754151A89E10034B6CD /* libgd.2.0.0.dylib */; };
		F85CB757151A8A670034B6CD /* libjpeg.8.dylib in Resources */ = {isa = PBXBuildFile; fileRef = F85CB755151A89E10034B6CD /* libjpeg.8.dylib */; };
		F8A0C74A151D36D1005ED47C /* libpng15.15.dylib in Resources */ = {isa = PBXBuildFile; fileRef = F8A0C743151D3673005ED47C /* libpng15.15.dylib */; };
		F8A0C74B151D36D1005ED47C /* libfontconfig.1.dylib in Resources */ = {isa = PBXBuildFile; fileRef = F8A0C741151D3673005ED47C /* libfontconfig.1.dylib */; };
		F8A0C74C151D36D1005ED47C /* libfreetype.6.dylib in Resources */ = {isa = PBXBuildFile; fileRef = F8A0C742151D3673005ED47C /* libfreetype.6.dylib */; };
		F8A0C74D151D36D1005ED47C /* libX11.6.dylib in Resources */ = {isa = PBXBuildFile; fileRef = F8A0C744151D3673005ED47C /* libX11.6.dylib */; };
		F8A0C74E151D36D1005ED47C /* libXau.6.dylib in Resources */ = {isa = PBXBuildFile; fileRef = F8A0C745151D3673005ED47C /* libXau.6.dylib */; };
		F8A0C74F151D36D1005ED47C /* libxcb.1.dylib in Resources */ = {isa = PBXBuildFile; fileRef = F8A0C746151D3673005ED47C /* libxcb.1.dylib */; };
		F8A0C750151D36D1005ED47C /* libXdmcp.6.dylib in Resources */ = {isa = PBXBuildFile; fileRef = F8A0C747151D3673005ED47C /* libXdmcp.6.dylib */; };
		F8A0C751151D36D1005ED47C /* libXpm.4.dylib in Resources */ = {isa = PBXBuildFile; fileRef = F8A0C748151D3673005ED47C /* libXpm.4.dylib */; };
		F8E082BC144996C300E30142 /* ALAnsiGenerator.h in Headers */ = {isa = PBXBuildFile; fileRef = F8E082B9144996C300E30142 /* ALAnsiGenerator.h */; settings = {ATTRIBUTES = (Public, ); }; };
		F8E082BD144996C300E30142 /* ALAnsiGenerator.m in Sources */ = {isa = PBXBuildFile; fileRef = F8E082BA144996C300E30142 /* ALAnsiGenerator.m */; };
		F8E082BE144996C300E30142 /* AnsiLove.h in Headers */ = {isa = PBXBuildFile; fileRef = F8E082BB144996C300E30142 /* AnsiLove.h */; settings = {ATTRIBUTES = (Public, ); }; };
		F8E082E71449984700E30142 /* ansilove in Resources */ = {isa = PBXBuildFile; fileRef = F8E082C01449984700E30142 /* ansilove */; };
		F8EAE722147E4E6E005BA3A1 /* ALSauceMachine.h in Headers */ = {isa = PBXBuildFile; fileRef = F8EAE720147E4E6E005BA3A1 /* ALSauceMachine.h */; settings = {ATTRIBUTES = (Public, ); }; };
		F8EAE723147E4E6E005BA3A1 /* ALSauceMachine.m in Sources */ = {isa = PBXBuildFile; fileRef = F8EAE721147E4E6E005BA3A1 /* ALSauceMachine.m */; };
		F8F0C942144910340031E777 /* Cocoa.framework in Frameworks */ = {isa = PBXBuildFile; fileRef = F8F0C941144910340031E777 /* Cocoa.framework */; };
		F8F0C94C144910340031E777 /* InfoPlist.strings in Resources */ = {isa = PBXBuildFile; fileRef = F8F0C94A144910340031E777 /* InfoPlist.strings */; };
/* End PBXBuildFile section */

/* Begin PBXCopyFilesBuildPhase section */
		F82D6A601450054200FD228B /* CopyFiles */ = {
			isa = PBXCopyFilesBuildPhase;
			buildActionMask = 2147483647;
			dstPath = "";
			dstSubfolderSpec = 10;
			files = (
				F82D6A611450054B00FD228B /* AnsiLove.framework in CopyFiles */,
			);
			runOnlyForDeploymentPostprocessing = 0;
		};
/* End PBXCopyFilesBuildPhase section */

/* Begin PBXFileReference section */
		F82D6A441450045C00FD228B /* AnsiLoveGUI.app */ = {isa = PBXFileReference; explicitFileType = wrapper.application; includeInIndex = 0; path = AnsiLoveGUI.app; sourceTree = BUILT_PRODUCTS_DIR; };
		F82D6A491450045C00FD228B /* AnsiLoveGUI-Info.plist */ = {isa = PBXFileReference; lastKnownFileType = text.plist.xml; path = "AnsiLoveGUI-Info.plist"; sourceTree = "<group>"; };
		F82D6A4B1450045C00FD228B /* en */ = {isa = PBXFileReference; lastKnownFileType = text.plist.strings; name = en; path = en.lproj/InfoPlist.strings; sourceTree = "<group>"; };
		F82D6A4D1450045C00FD228B /* main.m */ = {isa = PBXFileReference; lastKnownFileType = sourcecode.c.objc; path = main.m; sourceTree = "<group>"; };
		F82D6A4F1450045C00FD228B /* AnsiLoveGUI-Prefix.pch */ = {isa = PBXFileReference; lastKnownFileType = sourcecode.c.h; path = "AnsiLoveGUI-Prefix.pch"; sourceTree = "<group>"; };
		F82D6A511450045C00FD228B /* en */ = {isa = PBXFileReference; lastKnownFileType = text.rtf; name = en; path = en.lproj/Credits.rtf; sourceTree = "<group>"; };
		F82D6A531450045C00FD228B /* ALAppDelegate.h */ = {isa = PBXFileReference; lastKnownFileType = sourcecode.c.h; path = ALAppDelegate.h; sourceTree = "<group>"; };
		F82D6A541450045C00FD228B /* ALAppDelegate.m */ = {isa = PBXFileReference; lastKnownFileType = sourcecode.c.objc; path = ALAppDelegate.m; sourceTree = "<group>"; };
		F82D6A571450045C00FD228B /* en */ = {isa = PBXFileReference; lastKnownFileType = file.xib; name = en; path = en.lproj/MainMenu.xib; sourceTree = "<group>"; };
		F85CB754151A89E10034B6CD /* libgd.2.0.0.dylib */ = {isa = PBXFileReference; lastKnownFileType = "compiled.mach-o.dylib"; path = libgd.2.0.0.dylib; sourceTree = "<group>"; };
		F85CB755151A89E10034B6CD /* libjpeg.8.dylib */ = {isa = PBXFileReference; lastKnownFileType = "compiled.mach-o.dylib"; path = libjpeg.8.dylib; sourceTree = "<group>"; };
		F8A0C741151D3673005ED47C /* libfontconfig.1.dylib */ = {isa = PBXFileReference; lastKnownFileType = "compiled.mach-o.dylib"; path = libfontconfig.1.dylib; sourceTree = "<group>"; };
		F8A0C742151D3673005ED47C /* libfreetype.6.dylib */ = {isa = PBXFileReference; lastKnownFileType = "compiled.mach-o.dylib"; path = libfreetype.6.dylib; sourceTree = "<group>"; };
		F8A0C743151D3673005ED47C /* libpng15.15.dylib */ = {isa = PBXFileReference; lastKnownFileType = "compiled.mach-o.dylib"; path = libpng15.15.dylib; sourceTree = "<group>"; };
		F8A0C744151D3673005ED47C /* libX11.6.dylib */ = {isa = PBXFileReference; lastKnownFileType = "compiled.mach-o.dylib"; path = libX11.6.dylib; sourceTree = "<group>"; };
		F8A0C745151D3673005ED47C /* libXau.6.dylib */ = {isa = PBXFileReference; lastKnownFileType = "compiled.mach-o.dylib"; path = libXau.6.dylib; sourceTree = "<group>"; };
		F8A0C746151D3673005ED47C /* libxcb.1.dylib */ = {isa = PBXFileReference; lastKnownFileType = "compiled.mach-o.dylib"; path = libxcb.1.dylib; sourceTree = "<group>"; };
		F8A0C747151D3673005ED47C /* libXdmcp.6.dylib */ = {isa = PBXFileReference; lastKnownFileType = "compiled.mach-o.dylib"; path = libXdmcp.6.dylib; sourceTree = "<group>"; };
		F8A0C748151D3673005ED47C /* libXpm.4.dylib */ = {isa = PBXFileReference; lastKnownFileType = "compiled.mach-o.dylib"; path = libXpm.4.dylib; sourceTree = "<group>"; };
		F8D7EFD9146BCE9900059707 /* AnsiLoveGUI.entitlements */ = {isa = PBXFileReference; lastKnownFileType = text.xml; name = AnsiLoveGUI.entitlements; path = AnsiLoveGUI/AnsiLoveGUI.entitlements; sourceTree = "<group>"; };
		F8E082B9144996C300E30142 /* ALAnsiGenerator.h */ = {isa = PBXFileReference; fileEncoding = 4; lastKnownFileType = sourcecode.c.h; path = ALAnsiGenerator.h; sourceTree = "<group>"; };
		F8E082BA144996C300E30142 /* ALAnsiGenerator.m */ = {isa = PBXFileReference; fileEncoding = 4; lastKnownFileType = sourcecode.c.objc; path = ALAnsiGenerator.m; sourceTree = "<group>"; };
		F8E082BB144996C300E30142 /* AnsiLove.h */ = {isa = PBXFileReference; fileEncoding = 4; lastKnownFileType = sourcecode.c.h; path = AnsiLove.h; sourceTree = "<group>"; };
		F8E082C01449984700E30142 /* ansilove */ = {isa = PBXFileReference; fileEncoding = 4; lastKnownFileType = text; path = ansilove; sourceTree = "<group>"; };
		F8EAE720147E4E6E005BA3A1 /* ALSauceMachine.h */ = {isa = PBXFileReference; fileEncoding = 4; lastKnownFileType = sourcecode.c.h; path = ALSauceMachine.h; sourceTree = "<group>"; };
		F8EAE721147E4E6E005BA3A1 /* ALSauceMachine.m */ = {isa = PBXFileReference; fileEncoding = 4; lastKnownFileType = sourcecode.c.objc; path = ALSauceMachine.m; sourceTree = "<group>"; };
		F8F0C93E144910340031E777 /* AnsiLove.framework */ = {isa = PBXFileReference; explicitFileType = wrapper.framework; includeInIndex = 0; path = AnsiLove.framework; sourceTree = BUILT_PRODUCTS_DIR; };
		F8F0C941144910340031E777 /* Cocoa.framework */ = {isa = PBXFileReference; lastKnownFileType = wrapper.framework; name = Cocoa.framework; path = System/Library/Frameworks/Cocoa.framework; sourceTree = SDKROOT; };
		F8F0C944144910340031E777 /* AppKit.framework */ = {isa = PBXFileReference; lastKnownFileType = wrapper.framework; name = AppKit.framework; path = System/Library/Frameworks/AppKit.framework; sourceTree = SDKROOT; };
		F8F0C945144910340031E777 /* CoreData.framework */ = {isa = PBXFileReference; lastKnownFileType = wrapper.framework; name = CoreData.framework; path = System/Library/Frameworks/CoreData.framework; sourceTree = SDKROOT; };
		F8F0C946144910340031E777 /* Foundation.framework */ = {isa = PBXFileReference; lastKnownFileType = wrapper.framework; name = Foundation.framework; path = System/Library/Frameworks/Foundation.framework; sourceTree = SDKROOT; };
		F8F0C949144910340031E777 /* AnsiLove-Info.plist */ = {isa = PBXFileReference; lastKnownFileType = text.plist.xml; path = "AnsiLove-Info.plist"; sourceTree = "<group>"; };
		F8F0C94B144910340031E777 /* en */ = {isa = PBXFileReference; lastKnownFileType = text.plist.strings; name = en; path = en.lproj/InfoPlist.strings; sourceTree = "<group>"; };
		F8F0C94D144910340031E777 /* AnsiLove-Prefix.pch */ = {isa = PBXFileReference; lastKnownFileType = sourcecode.c.h; path = "AnsiLove-Prefix.pch"; sourceTree = "<group>"; };
/* End PBXFileReference section */

/* Begin PBXFrameworksBuildPhase section */
		F82D6A411450045C00FD228B /* Frameworks */ = {
			isa = PBXFrameworksBuildPhase;
			buildActionMask = 2147483647;
			files = (
				F82D6A461450045C00FD228B /* Cocoa.framework in Frameworks */,
				F82D6A5F1450053B00FD228B /* AnsiLove.framework in Frameworks */,
			);
			runOnlyForDeploymentPostprocessing = 0;
		};
		F8F0C93A144910340031E777 /* Frameworks */ = {
			isa = PBXFrameworksBuildPhase;
			buildActionMask = 2147483647;
			files = (
				F8F0C942144910340031E777 /* Cocoa.framework in Frameworks */,
			);
			runOnlyForDeploymentPostprocessing = 0;
		};
/* End PBXFrameworksBuildPhase section */

/* Begin PBXGroup section */
		F82D6A471450045C00FD228B /* AnsiLoveGUI (TestApp) */ = {
			isa = PBXGroup;
			children = (
				F82D6A531450045C00FD228B /* ALAppDelegate.h */,
				F82D6A541450045C00FD228B /* ALAppDelegate.m */,
				F82D6A561450045C00FD228B /* MainMenu.xib */,
				F82D6A481450045C00FD228B /* Supporting Files */,
			);
			name = "AnsiLoveGUI (TestApp)";
			path = AnsiLoveGUI;
			sourceTree = "<group>";
		};
		F82D6A481450045C00FD228B /* Supporting Files */ = {
			isa = PBXGroup;
			children = (
				F82D6A491450045C00FD228B /* AnsiLoveGUI-Info.plist */,
				F82D6A4A1450045C00FD228B /* InfoPlist.strings */,
				F82D6A501450045C00FD228B /* Credits.rtf */,
				F82D6A4D1450045C00FD228B /* main.m */,
				F82D6A4F1450045C00FD228B /* AnsiLoveGUI-Prefix.pch */,
			);
			name = "Supporting Files";
			sourceTree = "<group>";
		};
		F8E082B8144996C300E30142 /* Classes */ = {
			isa = PBXGroup;
			children = (
				F8E082B9144996C300E30142 /* ALAnsiGenerator.h */,
				F8E082BA144996C300E30142 /* ALAnsiGenerator.m */,
				F8EAE720147E4E6E005BA3A1 /* ALSauceMachine.h */,
				F8EAE721147E4E6E005BA3A1 /* ALSauceMachine.m */,
				F8E082BB144996C300E30142 /* AnsiLove.h */,
			);
			name = Classes;
			path = AnsiLove/Classes;
			sourceTree = "<group>";
		};
		F8E082BF1449984700E30142 /* Library */ = {
			isa = PBXGroup;
			children = (
				F8E082C01449984700E30142 /* ansilove */,
				F85CB754151A89E10034B6CD /* libgd.2.0.0.dylib */,
				F8A0C743151D3673005ED47C /* libpng15.15.dylib */,
				F85CB755151A89E10034B6CD /* libjpeg.8.dylib */,
				F8A0C741151D3673005ED47C /* libfontconfig.1.dylib */,
				F8A0C742151D3673005ED47C /* libfreetype.6.dylib */,
				F8A0C744151D3673005ED47C /* libX11.6.dylib */,
				F8A0C745151D3673005ED47C /* libXau.6.dylib */,
				F8A0C746151D3673005ED47C /* libxcb.1.dylib */,
				F8A0C747151D3673005ED47C /* libXdmcp.6.dylib */,
				F8A0C748151D3673005ED47C /* libXpm.4.dylib */,
			);
			name = Library;
			path = AnsiLove/Library;
			sourceTree = "<group>";
		};
		F8F0C932144910340031E777 = {
			isa = PBXGroup;
			children = (
				F8D7EFD9146BCE9900059707 /* AnsiLoveGUI.entitlements */,
				F8E082B8144996C300E30142 /* Classes */,
				F8E082BF1449984700E30142 /* Library */,
				F8F0C948144910340031E777 /* Supporting Files */,
				F82D6A471450045C00FD228B /* AnsiLoveGUI (TestApp) */,
				F8F0C940144910340031E777 /* Frameworks */,
				F8F0C93F144910340031E777 /* Products */,
			);
			sourceTree = "<group>";
		};
		F8F0C93F144910340031E777 /* Products */ = {
			isa = PBXGroup;
			children = (
				F8F0C93E144910340031E777 /* AnsiLove.framework */,
				F82D6A441450045C00FD228B /* AnsiLoveGUI.app */,
			);
			name = Products;
			sourceTree = "<group>";
		};
		F8F0C940144910340031E777 /* Frameworks */ = {
			isa = PBXGroup;
			children = (
				F8F0C941144910340031E777 /* Cocoa.framework */,
				F8F0C943144910340031E777 /* Other Frameworks */,
			);
			name = Frameworks;
			sourceTree = "<group>";
		};
		F8F0C943144910340031E777 /* Other Frameworks */ = {
			isa = PBXGroup;
			children = (
				F8F0C944144910340031E777 /* AppKit.framework */,
				F8F0C945144910340031E777 /* CoreData.framework */,
				F8F0C946144910340031E777 /* Foundation.framework */,
			);
			name = "Other Frameworks";
			sourceTree = "<group>";
		};
		F8F0C948144910340031E777 /* Supporting Files */ = {
			isa = PBXGroup;
			children = (
				F8F0C949144910340031E777 /* AnsiLove-Info.plist */,
				F8F0C94A144910340031E777 /* InfoPlist.strings */,
				F8F0C94D144910340031E777 /* AnsiLove-Prefix.pch */,
			);
			name = "Supporting Files";
			path = AnsiLove;
			sourceTree = "<group>";
		};
/* End PBXGroup section */

/* Begin PBXHeadersBuildPhase section */
		F8F0C93B144910340031E777 /* Headers */ = {
			isa = PBXHeadersBuildPhase;
			buildActionMask = 2147483647;
			files = (
				F8E082BE144996C300E30142 /* AnsiLove.h in Headers */,
				F8E082BC144996C300E30142 /* ALAnsiGenerator.h in Headers */,
				F8EAE722147E4E6E005BA3A1 /* ALSauceMachine.h in Headers */,
			);
			runOnlyForDeploymentPostprocessing = 0;
		};
/* End PBXHeadersBuildPhase section */

/* Begin PBXNativeTarget section */
		F82D6A431450045C00FD228B /* AnsiLoveGUI */ = {
			isa = PBXNativeTarget;
			buildConfigurationList = F82D6A5B1450045C00FD228B /* Build configuration list for PBXNativeTarget "AnsiLoveGUI" */;
			buildPhases = (
				F82D6A401450045C00FD228B /* Sources */,
				F82D6A411450045C00FD228B /* Frameworks */,
				F82D6A421450045C00FD228B /* Resources */,
				F82D6A601450054200FD228B /* CopyFiles */,
			);
			buildRules = (
			);
			dependencies = (
			);
			name = AnsiLoveGUI;
			productName = AnsiLoveGUI;
			productReference = F82D6A441450045C00FD228B /* AnsiLoveGUI.app */;
			productType = "com.apple.product-type.application";
		};
		F8F0C93D144910340031E777 /* AnsiLove */ = {
			isa = PBXNativeTarget;
			buildConfigurationList = F8F0C953144910340031E777 /* Build configuration list for PBXNativeTarget "AnsiLove" */;
			buildPhases = (
				F8F0C939144910340031E777 /* Sources */,
				F8F0C93A144910340031E777 /* Frameworks */,
				F8F0C93B144910340031E777 /* Headers */,
				F8F0C93C144910340031E777 /* Resources */,
			);
			buildRules = (
			);
			dependencies = (
			);
			name = AnsiLove;
			productName = AnsiLove;
			productReference = F8F0C93E144910340031E777 /* AnsiLove.framework */;
			productType = "com.apple.product-type.framework";
		};
/* End PBXNativeTarget section */

/* Begin PBXProject section */
		F8F0C934144910340031E777 /* Project object */ = {
			isa = PBXProject;
			attributes = {
				LastUpgradeCheck = 0440;
			};
			buildConfigurationList = F8F0C937144910340031E777 /* Build configuration list for PBXProject "AnsiLove" */;
			compatibilityVersion = "Xcode 3.2";
			developmentRegion = English;
			hasScannedForEncodings = 0;
			knownRegions = (
				en,
			);
			mainGroup = F8F0C932144910340031E777;
			productRefGroup = F8F0C93F144910340031E777 /* Products */;
			projectDirPath = "";
			projectRoot = "";
			targets = (
				F8F0C93D144910340031E777 /* AnsiLove */,
				F82D6A431450045C00FD228B /* AnsiLoveGUI */,
			);
		};
/* End PBXProject section */

/* Begin PBXResourcesBuildPhase section */
		F82D6A421450045C00FD228B /* Resources */ = {
			isa = PBXResourcesBuildPhase;
			buildActionMask = 2147483647;
			files = (
				F82D6A4C1450045C00FD228B /* InfoPlist.strings in Resources */,
				F82D6A521450045C00FD228B /* Credits.rtf in Resources */,
				F82D6A581450045C00FD228B /* MainMenu.xib in Resources */,
			);
			runOnlyForDeploymentPostprocessing = 0;
		};
		F8F0C93C144910340031E777 /* Resources */ = {
			isa = PBXResourcesBuildPhase;
			buildActionMask = 2147483647;
			files = (
				F8E082E71449984700E30142 /* ansilove in Resources */,
				F85CB756151A8A670034B6CD /* libgd.2.0.0.dylib in Resources */,
				F8A0C74A151D36D1005ED47C /* libpng15.15.dylib in Resources */,
				F85CB757151A8A670034B6CD /* libjpeg.8.dylib in Resources */,
				F8A0C74B151D36D1005ED47C /* libfontconfig.1.dylib in Resources */,
				F8A0C74C151D36D1005ED47C /* libfreetype.6.dylib in Resources */,
				F8A0C74D151D36D1005ED47C /* libX11.6.dylib in Resources */,
				F8A0C74E151D36D1005ED47C /* libXau.6.dylib in Resources */,
				F8A0C74F151D36D1005ED47C /* libxcb.1.dylib in Resources */,
				F8A0C750151D36D1005ED47C /* libXdmcp.6.dylib in Resources */,
				F8A0C751151D36D1005ED47C /* libXpm.4.dylib in Resources */,
				F8F0C94C144910340031E777 /* InfoPlist.strings in Resources */,
			);
			runOnlyForDeploymentPostprocessing = 0;
		};
/* End PBXResourcesBuildPhase section */

/* Begin PBXSourcesBuildPhase section */
		F82D6A401450045C00FD228B /* Sources */ = {
			isa = PBXSourcesBuildPhase;
			buildActionMask = 2147483647;
			files = (
				F82D6A4E1450045C00FD228B /* main.m in Sources */,
				F82D6A551450045C00FD228B /* ALAppDelegate.m in Sources */,
			);
			runOnlyForDeploymentPostprocessing = 0;
		};
		F8F0C939144910340031E777 /* Sources */ = {
			isa = PBXSourcesBuildPhase;
			buildActionMask = 2147483647;
			files = (
				F8E082BD144996C300E30142 /* ALAnsiGenerator.m in Sources */,
				F8EAE723147E4E6E005BA3A1 /* ALSauceMachine.m in Sources */,
			);
			runOnlyForDeploymentPostprocessing = 0;
		};
/* End PBXSourcesBuildPhase section */

/* Begin PBXVariantGroup section */
		F82D6A4A1450045C00FD228B /* InfoPlist.strings */ = {
			isa = PBXVariantGroup;
			children = (
				F82D6A4B1450045C00FD228B /* en */,
			);
			name = InfoPlist.strings;
			sourceTree = "<group>";
		};
		F82D6A501450045C00FD228B /* Credits.rtf */ = {
			isa = PBXVariantGroup;
			children = (
				F82D6A511450045C00FD228B /* en */,
			);
			name = Credits.rtf;
			sourceTree = "<group>";
		};
		F82D6A561450045C00FD228B /* MainMenu.xib */ = {
			isa = PBXVariantGroup;
			children = (
				F82D6A571450045C00FD228B /* en */,
			);
			name = MainMenu.xib;
			sourceTree = "<group>";
		};
		F8F0C94A144910340031E777 /* InfoPlist.strings */ = {
			isa = PBXVariantGroup;
			children = (
				F8F0C94B144910340031E777 /* en */,
			);
			name = InfoPlist.strings;
			sourceTree = "<group>";
		};
/* End PBXVariantGroup section */

/* Begin XCBuildConfiguration section */
		F82D6A591450045C00FD228B /* Debug */ = {
			isa = XCBuildConfiguration;
			buildSettings = {
				CODE_SIGN_ENTITLEMENTS = AnsiLoveGUI/AnsiLoveGUI.entitlements;
				CODE_SIGN_IDENTITY = "3rd Party Mac Developer Application: Stefan Vogt";
				GCC_PRECOMPILE_PREFIX_HEADER = YES;
				GCC_PREFIX_HEADER = "AnsiLoveGUI/AnsiLoveGUI-Prefix.pch";
				INFOPLIST_FILE = "AnsiLoveGUI/AnsiLoveGUI-Info.plist";
				MACOSX_DEPLOYMENT_TARGET = 10.7;
				PRODUCT_NAME = "$(TARGET_NAME)";
				PROVISIONING_PROFILE = "";
				WRAPPER_EXTENSION = app;
			};
			name = Debug;
		};
		F82D6A5A1450045C00FD228B /* Release */ = {
			isa = XCBuildConfiguration;
			buildSettings = {
				CODE_SIGN_ENTITLEMENTS = AnsiLoveGUI/AnsiLoveGUI.entitlements;
				CODE_SIGN_IDENTITY = "3rd Party Mac Developer Application: Stefan Vogt";
				GCC_PRECOMPILE_PREFIX_HEADER = YES;
				GCC_PREFIX_HEADER = "AnsiLoveGUI/AnsiLoveGUI-Prefix.pch";
				INFOPLIST_FILE = "AnsiLoveGUI/AnsiLoveGUI-Info.plist";
				MACOSX_DEPLOYMENT_TARGET = 10.7;
				PRODUCT_NAME = "$(TARGET_NAME)";
				PROVISIONING_PROFILE = "";
				WRAPPER_EXTENSION = app;
			};
			name = Release;
		};
		F8F0C951144910340031E777 /* Debug */ = {
			isa = XCBuildConfiguration;
			buildSettings = {
				ALWAYS_SEARCH_USER_PATHS = NO;
				ARCHS = "$(ARCHS_STANDARD_64_BIT)";
				CLANG_ENABLE_OBJC_ARC = YES;
				CODE_SIGN_IDENTITY = "";
				COMBINE_HIDPI_IMAGES = YES;
				COPY_PHASE_STRIP = NO;
				GCC_C_LANGUAGE_STANDARD = gnu99;
				GCC_DYNAMIC_NO_PIC = NO;
				GCC_ENABLE_OBJC_EXCEPTIONS = YES;
				GCC_OPTIMIZATION_LEVEL = 0;
				GCC_PREPROCESSOR_DEFINITIONS = (
					"DEBUG=1",
					"$(inherited)",
				);
				GCC_SYMBOLS_PRIVATE_EXTERN = NO;
				GCC_VERSION = com.apple.compilers.llvm.clang.1_0;
				GCC_WARN_64_TO_32_BIT_CONVERSION = YES;
				GCC_WARN_ABOUT_MISSING_PROTOTYPES = YES;
				GCC_WARN_ABOUT_RETURN_TYPE = YES;
				GCC_WARN_UNUSED_VARIABLE = YES;
				MACOSX_DEPLOYMENT_TARGET = 10.7;
				ONLY_ACTIVE_ARCH = YES;
				SDKROOT = macosx10.7;
			};
			name = Debug;
		};
		F8F0C952144910340031E777 /* Release */ = {
			isa = XCBuildConfiguration;
			buildSettings = {
				ALWAYS_SEARCH_USER_PATHS = NO;
				ARCHS = "$(ARCHS_STANDARD_64_BIT)";
				CLANG_ENABLE_OBJC_ARC = YES;
				CODE_SIGN_IDENTITY = "";
				COMBINE_HIDPI_IMAGES = YES;
				COPY_PHASE_STRIP = YES;
				DEBUG_INFORMATION_FORMAT = "dwarf-with-dsym";
				GCC_C_LANGUAGE_STANDARD = gnu99;
				GCC_ENABLE_OBJC_EXCEPTIONS = YES;
				GCC_VERSION = com.apple.compilers.llvm.clang.1_0;
				GCC_WARN_64_TO_32_BIT_CONVERSION = YES;
				GCC_WARN_ABOUT_MISSING_PROTOTYPES = YES;
				GCC_WARN_ABOUT_RETURN_TYPE = YES;
				GCC_WARN_UNUSED_VARIABLE = YES;
				MACOSX_DEPLOYMENT_TARGET = 10.7;
				SDKROOT = macosx10.7;
			};
			name = Release;
		};
		F8F0C954144910340031E777 /* Debug */ = {
			isa = XCBuildConfiguration;
			buildSettings = {
				DYLIB_COMPATIBILITY_VERSION = 1;
				DYLIB_CURRENT_VERSION = 1;
				FRAMEWORK_VERSION = A;
				GCC_PRECOMPILE_PREFIX_HEADER = YES;
				GCC_PREFIX_HEADER = "AnsiLove/AnsiLove-Prefix.pch";
				HEADER_SEARCH_PATHS = "";
				INFOPLIST_FILE = "AnsiLove/AnsiLove-Info.plist";
				INSTALL_PATH = "@executable_path/../Frameworks";
				PRODUCT_NAME = "$(TARGET_NAME)";
				SDKROOT = macosx10.7;
				WRAPPER_EXTENSION = framework;
			};
			name = Debug;
		};
		F8F0C955144910340031E777 /* Release */ = {
			isa = XCBuildConfiguration;
			buildSettings = {
				DYLIB_COMPATIBILITY_VERSION = 1;
				DYLIB_CURRENT_VERSION = 1;
				FRAMEWORK_VERSION = A;
				GCC_PRECOMPILE_PREFIX_HEADER = YES;
				GCC_PREFIX_HEADER = "AnsiLove/AnsiLove-Prefix.pch";
				HEADER_SEARCH_PATHS = "";
				INFOPLIST_FILE = "AnsiLove/AnsiLove-Info.plist";
				INSTALL_PATH = "@executable_path/../Frameworks";
				PRODUCT_NAME = "$(TARGET_NAME)";
				SDKROOT = macosx10.7;
				WRAPPER_EXTENSION = framework;
			};
			name = Release;
		};
/* End XCBuildConfiguration section */

/* Begin XCConfigurationList section */
		F82D6A5B1450045C00FD228B /* Build configuration list for PBXNativeTarget "AnsiLoveGUI" */ = {
			isa = XCConfigurationList;
			buildConfigurations = (
				F82D6A591450045C00FD228B /* Debug */,
				F82D6A5A1450045C00FD228B /* Release */,
			);
			defaultConfigurationIsVisible = 0;
			defaultConfigurationName = Release;
		};
		F8F0C937144910340031E777 /* Build configuration list for PBXProject "AnsiLove" */ = {
			isa = XCConfigurationList;
			buildConfigurations = (
				F8F0C951144910340031E777 /* Debug */,
				F8F0C952144910340031E777 /* Release */,
			);
			defaultConfigurationIsVisible = 0;
			defaultConfigurationName = Release;
		};
		F8F0C953144910340031E777 /* Build configuration list for PBXNativeTarget "AnsiLove" */ = {
			isa = XCConfigurationList;
			buildConfigurations = (
				F8F0C954144910340031E777 /* Debug */,
				F8F0C955144910340031E777 /* Release */,
			);
			defaultConfigurationIsVisible = 0;
			defaultConfigurationName = Release;
		};
/* End XCConfigurationList section */
	};
	rootObject = F8F0C934144910340031E777 /* Project object */;
}
